
Microsoft Visual Studio Solution File, Format Version 12.00
# Visual Studio Version 16
VisualStudioVersion = 16.0.28803.156
MinimumVisualStudioVersion = 10.0.40219.1
Project("{9A19103F-16F7-4668-BE54-9A1E7A4F7556}") = "MediatR_WebApp", ".\MediatR_WebApp\MediatR_WebApp.csproj", "{3F26FD0C-456D-443C-8D4D-9E1487357214}"
EndProject
Project("{FAE04EC0-301F-11D3-BF4B-00C04F79EFBC}") = "MediatR_Lib", ".\MediatR_Lib\MediatR_Lib.csproj", "{C3054017-2317-43BA-9642-D151CF21744C}"
EndProject
Global
	GlobalSection(SolutionConfigurationPlatforms) = preSolution
		Debug|Any CPU = Debug|Any CPU
		Release|Any CPU = Release|Any CPU
	EndGlobalSection
	GlobalSection(ProjectConfigurationPlatforms) = postSolution
		{3F26FD0C-456D-443C-8D4D-9E1487357214}.Debug|Any CPU.ActiveCfg = Debug|Any CPU
		{3F26FD0C-456D-443C-8D4D-9E1487357214}.Debug|Any CPU.Build.0 = Debug|Any CPU
		{3F26FD0C-456D-443C-8D4D-9E1487357214}.Release|Any CPU.ActiveCfg = Release|Any CPU
		{3F26FD0C-456D-443C-8D4D-9E1487357214}.Release|Any CPU.Build.0 = Release|Any CPU
		{C3054017-2317-43BA-9642-D151CF21744C}.Debug|Any CPU.ActiveCfg = Debug|Any CPU
		{C3054017-2317-43BA-9642-D151CF21744C}.Debug|Any CPU.Build.0 = Debug|Any CPU
		{C3054017-2317-43BA-9642-D151CF21744C}.Release|Any CPU.ActiveCfg = Release|Any CPU
		{C3054017-2317-43BA-9642-D151CF21744C}.Release|Any CPU.Build.0 = Release|Any CPU
	EndGlobalSection
	GlobalSection(SolutionProperties) = preSolution
		HideSolutionNode = FALSE
	EndGlobalSection
	GlobalSection(ExtensibilityGlobals) = postSolution
		SolutionGuid = {AE9F9311-F0E7-46ED-B8E6-8225D267C788}
	EndGlobalSection
EndGlobal
