
Microsoft Visual Studio Solution File, Format Version 12.00
# Visual Studio 15
VisualStudioVersion = 15.0.27004.2010
MinimumVisualStudioVersion = 10.0.40219.1
Project("{FAE04EC0-301F-11D3-BF4B-00C04F79EFBC}") = "ReflectionAssemblyRead", "ReflectionAssemblyRead\ReflectionAssemblyRead.csproj", "{29BEA941-A191-4C52-9828-AD2736B79EAE}"
EndProject
Project("{FAE04EC0-301F-11D3-BF4B-00C04F79EFBC}") = "ExternalLibrary", "ExternalLibrary\ExternalLibrary.csproj", "{7D833634-42D0-4270-9471-2C098EEEF892}"
EndProject
Global
	GlobalSection(SolutionConfigurationPlatforms) = preSolution
		Debug|Any CPU = Debug|Any CPU
		Release|Any CPU = Release|Any CPU
	EndGlobalSection
	GlobalSection(ProjectConfigurationPlatforms) = postSolution
		{29BEA941-A191-4C52-9828-AD2736B79EAE}.Debug|Any CPU.ActiveCfg = Debug|Any CPU
		{29BEA941-A191-4C52-9828-AD2736B79EAE}.Debug|Any CPU.Build.0 = Debug|Any CPU
		{29BEA941-A191-4C52-9828-AD2736B79EAE}.Release|Any CPU.ActiveCfg = Release|Any CPU
		{29BEA941-A191-4C52-9828-AD2736B79EAE}.Release|Any CPU.Build.0 = Release|Any CPU
		{7D833634-42D0-4270-9471-2C098EEEF892}.Debug|Any CPU.ActiveCfg = Debug|Any CPU
		{7D833634-42D0-4270-9471-2C098EEEF892}.Debug|Any CPU.Build.0 = Debug|Any CPU
		{7D833634-42D0-4270-9471-2C098EEEF892}.Release|Any CPU.ActiveCfg = Release|Any CPU
		{7D833634-42D0-4270-9471-2C098EEEF892}.Release|Any CPU.Build.0 = Release|Any CPU
	EndGlobalSection
	GlobalSection(SolutionProperties) = preSolution
		HideSolutionNode = FALSE
	EndGlobalSection
	GlobalSection(ExtensibilityGlobals) = postSolution
		SolutionGuid = {CB3C0C6B-7377-4689-ABF9-223A528A0753}
	EndGlobalSection
EndGlobal
