
Microsoft Visual Studio Solution File, Format Version 12.00
# Visual Studio 15
VisualStudioVersion = 15.0.27004.2010
MinimumVisualStudioVersion = 10.0.40219.1
Project("{FAE04EC0-301F-11D3-BF4B-00C04F79EFBC}") = "LoopsPlayGround", "LoopsPlayGround\LoopsPlayGround.csproj", "{DB91B35B-0303-437B-B94D-4E59CD164902}"
EndProject
Global
	GlobalSection(SolutionConfigurationPlatforms) = preSolution
		Debug|Any CPU = Debug|Any CPU
		Release|Any CPU = Release|Any CPU
	EndGlobalSection
	GlobalSection(ProjectConfigurationPlatforms) = postSolution
		{DB91B35B-0303-437B-B94D-4E59CD164902}.Debug|Any CPU.ActiveCfg = Debug|Any CPU
		{DB91B35B-0303-437B-B94D-4E59CD164902}.Debug|Any CPU.Build.0 = Debug|Any CPU
		{DB91B35B-0303-437B-B94D-4E59CD164902}.Release|Any CPU.ActiveCfg = Release|Any CPU
		{DB91B35B-0303-437B-B94D-4E59CD164902}.Release|Any CPU.Build.0 = Release|Any CPU
	EndGlobalSection
	GlobalSection(SolutionProperties) = preSolution
		HideSolutionNode = FALSE
	EndGlobalSection
	GlobalSection(ExtensibilityGlobals) = postSolution
		SolutionGuid = {D984B605-FAF7-47A0-ABA3-E5CB8CC85947}
	EndGlobalSection
EndGlobal
