
Microsoft Visual Studio Solution File, Format Version 12.00
# Visual Studio 15
VisualStudioVersion = 15.0.27004.2010
MinimumVisualStudioVersion = 10.0.40219.1
Project("{FAE04EC0-301F-11D3-BF4B-00C04F79EFBC}") = "FluentAssertionsPlayGround", "FluentAssertionsPlayGround\FluentAssertionsPlayGround.csproj", "{BC172EA8-D351-4F12-B9B3-DFD3BBCF79CD}"
EndProject
Project("{FAE04EC0-301F-11D3-BF4B-00C04F79EFBC}") = "FluentAssertionsTests", "FluentAssertionsTests\FluentAssertionsTests.csproj", "{D7C0A1BA-C621-4F53-BBDC-8BB8AEC4FC7C}"
EndProject
Global
	GlobalSection(SolutionConfigurationPlatforms) = preSolution
		Debug|Any CPU = Debug|Any CPU
		Release|Any CPU = Release|Any CPU
	EndGlobalSection
	GlobalSection(ProjectConfigurationPlatforms) = postSolution
		{BC172EA8-D351-4F12-B9B3-DFD3BBCF79CD}.Debug|Any CPU.ActiveCfg = Debug|Any CPU
		{BC172EA8-D351-4F12-B9B3-DFD3BBCF79CD}.Debug|Any CPU.Build.0 = Debug|Any CPU
		{BC172EA8-D351-4F12-B9B3-DFD3BBCF79CD}.Release|Any CPU.ActiveCfg = Release|Any CPU
		{BC172EA8-D351-4F12-B9B3-DFD3BBCF79CD}.Release|Any CPU.Build.0 = Release|Any CPU
		{D7C0A1BA-C621-4F53-BBDC-8BB8AEC4FC7C}.Debug|Any CPU.ActiveCfg = Debug|Any CPU
		{D7C0A1BA-C621-4F53-BBDC-8BB8AEC4FC7C}.Debug|Any CPU.Build.0 = Debug|Any CPU
		{D7C0A1BA-C621-4F53-BBDC-8BB8AEC4FC7C}.Release|Any CPU.ActiveCfg = Release|Any CPU
		{D7C0A1BA-C621-4F53-BBDC-8BB8AEC4FC7C}.Release|Any CPU.Build.0 = Release|Any CPU
	EndGlobalSection
	GlobalSection(SolutionProperties) = preSolution
		HideSolutionNode = FALSE
	EndGlobalSection
	GlobalSection(ExtensibilityGlobals) = postSolution
		SolutionGuid = {E92C2D3F-F18E-4439-B618-BBE82012A4A5}
	EndGlobalSection
EndGlobal
