
Microsoft Visual Studio Solution File, Format Version 12.00
# Visual Studio 15
VisualStudioVersion = 15.0.27004.2010
MinimumVisualStudioVersion = 10.0.40219.1
Project("{FAE04EC0-301F-11D3-BF4B-00C04F79EFBC}") = "ObjectManipulationWithReflection", "ObjectManipulationWithReflection\ObjectManipulationWithReflection.csproj", "{10E6C847-03BB-4913-A300-ABA28A057C91}"
EndProject
Global
	GlobalSection(SolutionConfigurationPlatforms) = preSolution
		Debug|Any CPU = Debug|Any CPU
		Release|Any CPU = Release|Any CPU
	EndGlobalSection
	GlobalSection(ProjectConfigurationPlatforms) = postSolution
		{10E6C847-03BB-4913-A300-ABA28A057C91}.Debug|Any CPU.ActiveCfg = Debug|Any CPU
		{10E6C847-03BB-4913-A300-ABA28A057C91}.Debug|Any CPU.Build.0 = Debug|Any CPU
		{10E6C847-03BB-4913-A300-ABA28A057C91}.Release|Any CPU.ActiveCfg = Release|Any CPU
		{10E6C847-03BB-4913-A300-ABA28A057C91}.Release|Any CPU.Build.0 = Release|Any CPU
	EndGlobalSection
	GlobalSection(SolutionProperties) = preSolution
		HideSolutionNode = FALSE
	EndGlobalSection
	GlobalSection(ExtensibilityGlobals) = postSolution
		SolutionGuid = {9823CCA3-2D74-484F-BDA0-D88D5460295D}
	EndGlobalSection
EndGlobal
